{
  "name": "boxship",
  "version": "2.1.0",
  "lockfileVersion": 2,
  "requires": true,
  "packages": {
    "": {
      "name": "boxship",
      "version": "2.1.0",
      "license": "MIT",
      "bin": {
        "boxship": "bin/boxship.js"
      },
      "engines": {
        "node": ">=20"
      }
    }
  }
}
